<Solution>
  <Folder Name="/git/">
    <File Path=".gitattributes" />
    <File Path=".gitignore" />
  </Folder>
  <Folder Name="/others/">
    <File Path=".editorconfig" />
    <File Path="README" />
  </Folder>
  <Project Path="Business.Test/Business.Test.csproj" />
  <Project Path="Business/Business.csproj" />
</Solution>
